
Microsoft Visual Studio Solution File, Format Version 12.00
# Visual Studio Version 16
VisualStudioVersion = 16.0.29123.88
MinimumVisualStudioVersion = 10.0.40219.1
Project("{9A19103F-16F7-4668-BE54-9A1E7A4F7556}") = "SwarmFeatures.SwarmControl", "SwarmFeatures.SwarmControl\SwarmFeatures.SwarmControl.csproj", "{133F84FA-2674-4E57-AED0-C389761ED4C6}"
EndProject
Project("{9A19103F-16F7-4668-BE54-9A1E7A4F7556}") = "SwarmFeatures.SchedulerWeb", "SwarmFeatures.SchedulerWeb\SwarmFeatures.SchedulerWeb.csproj", "{E4231CC6-214A-424D-A027-3D779DAC1FEA}"
EndProject
Project("{9A19103F-16F7-4668-BE54-9A1E7A4F7556}") = "SwarmFeatures.SwarmAutoProxy", "SwarmFeatures.SwarmAutoProxy\SwarmFeatures.SwarmAutoProxy.csproj", "{35194931-D74A-41AF-A66F-9549A2EABB12}"
EndProject
Global
	GlobalSection(SolutionConfigurationPlatforms) = preSolution
		Debug|Any CPU = Debug|Any CPU
		Release|Any CPU = Release|Any CPU
	EndGlobalSection
	GlobalSection(ProjectConfigurationPlatforms) = postSolution
		{133F84FA-2674-4E57-AED0-C389761ED4C6}.Debug|Any CPU.ActiveCfg = Debug|Any CPU
		{133F84FA-2674-4E57-AED0-C389761ED4C6}.Debug|Any CPU.Build.0 = Debug|Any CPU
		{133F84FA-2674-4E57-AED0-C389761ED4C6}.Release|Any CPU.ActiveCfg = Release|Any CPU
		{133F84FA-2674-4E57-AED0-C389761ED4C6}.Release|Any CPU.Build.0 = Release|Any CPU
		{E4231CC6-214A-424D-A027-3D779DAC1FEA}.Debug|Any CPU.ActiveCfg = Debug|Any CPU
		{E4231CC6-214A-424D-A027-3D779DAC1FEA}.Debug|Any CPU.Build.0 = Debug|Any CPU
		{E4231CC6-214A-424D-A027-3D779DAC1FEA}.Release|Any CPU.ActiveCfg = Release|Any CPU
		{E4231CC6-214A-424D-A027-3D779DAC1FEA}.Release|Any CPU.Build.0 = Release|Any CPU
		{35194931-D74A-41AF-A66F-9549A2EABB12}.Debug|Any CPU.ActiveCfg = Debug|Any CPU
		{35194931-D74A-41AF-A66F-9549A2EABB12}.Debug|Any CPU.Build.0 = Debug|Any CPU
		{35194931-D74A-41AF-A66F-9549A2EABB12}.Release|Any CPU.ActiveCfg = Release|Any CPU
		{35194931-D74A-41AF-A66F-9549A2EABB12}.Release|Any CPU.Build.0 = Release|Any CPU
	EndGlobalSection
	GlobalSection(SolutionProperties) = preSolution
		HideSolutionNode = FALSE
	EndGlobalSection
	GlobalSection(ExtensibilityGlobals) = postSolution
		SolutionGuid = {68CBD177-90C3-44D7-B50A-77A5690BDDA4}
	EndGlobalSection
EndGlobal
